
Microsoft Visual Studio Solution File, Format Version 12.00
# Visual Studio Version 17
VisualStudioVersion = 17.9.34902.65
MinimumVisualStudioVersion = 10.0.40219.1
Project("{FAE04EC0-301F-11D3-BF4B-00C04F79EFBC}") = "Produtos", "Produtos\Produtos.csproj", "{6650898D-74EB-4F78-AEF2-CFA4DB252E84}"
EndProject
Project("{FAE04EC0-301F-11D3-BF4B-00C04F79EFBC}") = "Agente", "AgenteDeConsumo\Agente.csproj", "{1A1B8E0F-6070-46D5-BF01-ECA7C446F681}"
EndProject
Global
	GlobalSection(SolutionConfigurationPlatforms) = preSolution
		Debug|Any CPU = Debug|Any CPU
		Release|Any CPU = Release|Any CPU
	EndGlobalSection
	GlobalSection(ProjectConfigurationPlatforms) = postSolution
		{6650898D-74EB-4F78-AEF2-CFA4DB252E84}.Debug|Any CPU.ActiveCfg = Debug|Any CPU
		{6650898D-74EB-4F78-AEF2-CFA4DB252E84}.Debug|Any CPU.Build.0 = Debug|Any CPU
		{6650898D-74EB-4F78-AEF2-CFA4DB252E84}.Release|Any CPU.ActiveCfg = Release|Any CPU
		{6650898D-74EB-4F78-AEF2-CFA4DB252E84}.Release|Any CPU.Build.0 = Release|Any CPU
		{1A1B8E0F-6070-46D5-BF01-ECA7C446F681}.Debug|Any CPU.ActiveCfg = Debug|Any CPU
		{1A1B8E0F-6070-46D5-BF01-ECA7C446F681}.Debug|Any CPU.Build.0 = Debug|Any CPU
		{1A1B8E0F-6070-46D5-BF01-ECA7C446F681}.Release|Any CPU.ActiveCfg = Release|Any CPU
		{1A1B8E0F-6070-46D5-BF01-ECA7C446F681}.Release|Any CPU.Build.0 = Release|Any CPU
	EndGlobalSection
	GlobalSection(SolutionProperties) = preSolution
		HideSolutionNode = FALSE
	EndGlobalSection
	GlobalSection(ExtensibilityGlobals) = postSolution
		SolutionGuid = {C08F4B34-26C2-4279-A41C-0F5C74BCAA30}
	EndGlobalSection
EndGlobal
